// !$*UTF8*$!
{
	archiveVersion = 1;
	classes = {
	};
	objectVersion = 50;
	objects = {

/* Begin PBXBuildFile section */
		2D29CBF0217D0B5E00C046B9 /* UserRepositoryMock.swift in Sources */ = {isa = PBXBuildFile; fileRef = 2D29CBEF217D0B5E00C046B9 /* UserRepositoryMock.swift */; };
		2D29CBF8217D134000C046B9 /* HomePresenterTests.swift in Sources */ = {isa = PBXBuildFile; fileRef = 2D29CBF7217D134000C046B9 /* HomePresenterTests.swift */; };
		2D29CC00217D142600C046B9 /* HomeViewContract.swift in Sources */ = {isa = PBXBuildFile; fileRef = 2D29CBFF217D142600C046B9 /* HomeViewContract.swift */; };
		2D29CC04217D142F00C046B9 /* HomePresenterContract.swift in Sources */ = {isa = PBXBuildFile; fileRef = 2D29CC02217D142F00C046B9 /* HomePresenterContract.swift */; };
		2D29CC05217D142F00C046B9 /* HomePresenter.swift in Sources */ = {isa = PBXBuildFile; fileRef = 2D29CC03217D142F00C046B9 /* HomePresenter.swift */; };
		2D29CC07217D15E400C046B9 /* HomeViewMock.swift in Sources */ = {isa = PBXBuildFile; fileRef = 2D29CC06217D15E400C046B9 /* HomeViewMock.swift */; };
		2D29CC09217D15ED00C046B9 /* HomeInteractorMock.swift in Sources */ = {isa = PBXBuildFile; fileRef = 2D29CC08217D15ED00C046B9 /* HomeInteractorMock.swift */; };
		2D29CC0C217D1BD800C046B9 /* HomeViewController.swift in Sources */ = {isa = PBXBuildFile; fileRef = 2D29CC0B217D1BD800C046B9 /* HomeViewController.swift */; };
		2D29CC0E217D1BFF00C046B9 /* HomeViewController+Layout.swift in Sources */ = {isa = PBXBuildFile; fileRef = 2D29CC0D217D1BFF00C046B9 /* HomeViewController+Layout.swift */; };
		2D29CC14217D1E0100C046B9 /* HomeCollectionViewCell.swift in Sources */ = {isa = PBXBuildFile; fileRef = 2D29CC13217D1E0100C046B9 /* HomeCollectionViewCell.swift */; };
		2D29CC16217D1E6900C046B9 /* HomeCollectionViewCell+Layout.swift in Sources */ = {isa = PBXBuildFile; fileRef = 2D29CC15217D1E6900C046B9 /* HomeCollectionViewCell+Layout.swift */; };
		2D29CC19217D203C00C046B9 /* Views.swift in Sources */ = {isa = PBXBuildFile; fileRef = 2D29CC18217D203C00C046B9 /* Views.swift */; };
		2D29CC1B217D229F00C046B9 /* HomeConfigurator.swift in Sources */ = {isa = PBXBuildFile; fileRef = 2D29CC1A217D229F00C046B9 /* HomeConfigurator.swift */; };
		2D29CC1F217D2FC900C046B9 /* Results.swift in Sources */ = {isa = PBXBuildFile; fileRef = 2D29CC1E217D2FC900C046B9 /* Results.swift */; };
		2D29CC22217D30EC00C046B9 /* UserViewModel.swift in Sources */ = {isa = PBXBuildFile; fileRef = 2D29CC21217D30EC00C046B9 /* UserViewModel.swift */; };
		2D29CC24217D354100C046B9 /* Colors.swift in Sources */ = {isa = PBXBuildFile; fileRef = 2D29CC23217D354100C046B9 /* Colors.swift */; };
		2D29CC26217D367200C046B9 /* RoundedButton.swift in Sources */ = {isa = PBXBuildFile; fileRef = 2D29CC25217D367200C046B9 /* RoundedButton.swift */; };
		2D38E57B217B3F9C00516C65 /* AppDelegate.swift in Sources */ = {isa = PBXBuildFile; fileRef = 2D38E57A217B3F9C00516C65 /* AppDelegate.swift */; };
		2D38E582217B3F9E00516C65 /* Assets.xcassets in Resources */ = {isa = PBXBuildFile; fileRef = 2D38E581217B3F9E00516C65 /* Assets.xcassets */; };
		2D38E585217B3F9E00516C65 /* LaunchScreen.storyboard in Resources */ = {isa = PBXBuildFile; fileRef = 2D38E583217B3F9E00516C65 /* LaunchScreen.storyboard */; };
		2D38E590217B3F9E00516C65 /* RandomTests.swift in Sources */ = {isa = PBXBuildFile; fileRef = 2D38E58F217B3F9E00516C65 /* RandomTests.swift */; };
		2D38E59B217B3F9E00516C65 /* RandomUITests.swift in Sources */ = {isa = PBXBuildFile; fileRef = 2D38E59A217B3F9E00516C65 /* RandomUITests.swift */; };
		2D38E5BB217B451E00516C65 /* HTTPClientContract.swift in Sources */ = {isa = PBXBuildFile; fileRef = 2D38E5BA217B451E00516C65 /* HTTPClientContract.swift */; };
		2D38E5BD217B452200516C65 /* HTTPClient.swift in Sources */ = {isa = PBXBuildFile; fileRef = 2D38E5BC217B452200516C65 /* HTTPClient.swift */; };
		2D38E5BF217B479700516C65 /* APIModule.swift in Sources */ = {isa = PBXBuildFile; fileRef = 2D38E5BE217B479700516C65 /* APIModule.swift */; };
		2DDF5FC2217D3A3300E21ECF /* Devices.swift in Sources */ = {isa = PBXBuildFile; fileRef = 2DDF5FC1217D3A3300E21ECF /* Devices.swift */; };
		2DDF5FC6217D3B2300E21ECF /* DetailInteractorContract.swift in Sources */ = {isa = PBXBuildFile; fileRef = 2DDF5FC5217D3B2300E21ECF /* DetailInteractorContract.swift */; };
		2DDF5FC8217D3B3000E21ECF /* DetailInteractor.swift in Sources */ = {isa = PBXBuildFile; fileRef = 2DDF5FC7217D3B3000E21ECF /* DetailInteractor.swift */; };
		2DDF5FCE217D3C0900E21ECF /* DetailInteractorTests.swift in Sources */ = {isa = PBXBuildFile; fileRef = 2DDF5FCD217D3C0900E21ECF /* DetailInteractorTests.swift */; };
		2DDF5FD1217D40C800E21ECF /* DetailPresenter.swift in Sources */ = {isa = PBXBuildFile; fileRef = 2DDF5FD0217D40C800E21ECF /* DetailPresenter.swift */; };
		2DDF5FD3217D40CD00E21ECF /* DetailPresenterContract.swift in Sources */ = {isa = PBXBuildFile; fileRef = 2DDF5FD2217D40CD00E21ECF /* DetailPresenterContract.swift */; };
		2DDF5FD6217D420D00E21ECF /* DetailViewContract.swift in Sources */ = {isa = PBXBuildFile; fileRef = 2DDF5FD5217D420D00E21ECF /* DetailViewContract.swift */; };
		2DDF5FD8217D422F00E21ECF /* UserDetailViewModel.swift in Sources */ = {isa = PBXBuildFile; fileRef = 2DDF5FD7217D422F00E21ECF /* UserDetailViewModel.swift */; };
		2DDF5FDE217D455B00E21ECF /* DetailViewMock.swift in Sources */ = {isa = PBXBuildFile; fileRef = 2DDF5FDD217D455B00E21ECF /* DetailViewMock.swift */; };
		2DDF5FE1217D45DB00E21ECF /* DetailInteractorMock.swift in Sources */ = {isa = PBXBuildFile; fileRef = 2DDF5FE0217D45DB00E21ECF /* DetailInteractorMock.swift */; };
		2DDF5FE3217D465500E21ECF /* DetailPresenterTests.swift in Sources */ = {isa = PBXBuildFile; fileRef = 2DDF5FE2217D465500E21ECF /* DetailPresenterTests.swift */; };
		2DDF5FEB217D49EA00E21ECF /* UserDataBase.swift in Sources */ = {isa = PBXBuildFile; fileRef = 2DDF5FEA217D49EA00E21ECF /* UserDataBase.swift */; };
		2DDF5FED217D4AFB00E21ECF /* LocationDataBase.swift in Sources */ = {isa = PBXBuildFile; fileRef = 2DDF5FEC217D4AFB00E21ECF /* LocationDataBase.swift */; };
		2DDF5FF0217D4C0700E21ECF /* DataBaseClientContract.swift in Sources */ = {isa = PBXBuildFile; fileRef = 2DDF5FEF217D4C0700E21ECF /* DataBaseClientContract.swift */; };
		2DDF5FF2217D4C0D00E21ECF /* DataBaseClient.swift in Sources */ = {isa = PBXBuildFile; fileRef = 2DDF5FF1217D4C0D00E21ECF /* DataBaseClient.swift */; };
		2DDF5FF4217D5ADF00E21ECF /* IdUser.swift in Sources */ = {isa = PBXBuildFile; fileRef = 2DDF5FF3217D5ADF00E21ECF /* IdUser.swift */; };
		5C8BDF2E217C90660013BBB7 /* APIModuleTest.swift in Sources */ = {isa = PBXBuildFile; fileRef = 5C8BDF2D217C90660013BBB7 /* APIModuleTest.swift */; };
		5C8BDF34217CA0B60013BBB7 /* UserRepositoryContract.swift in Sources */ = {isa = PBXBuildFile; fileRef = 5C8BDF33217CA0B60013BBB7 /* UserRepositoryContract.swift */; };
		5C8BDF36217CA0BE0013BBB7 /* UserRepository.swift in Sources */ = {isa = PBXBuildFile; fileRef = 5C8BDF35217CA0BE0013BBB7 /* UserRepository.swift */; };
		5C8BDF39217CA1130013BBB7 /* Pagination.swift in Sources */ = {isa = PBXBuildFile; fileRef = 5C8BDF38217CA1130013BBB7 /* Pagination.swift */; };
		5C8BDF3B217CA1A70013BBB7 /* UserData.swift in Sources */ = {isa = PBXBuildFile; fileRef = 5C8BDF3A217CA1A70013BBB7 /* UserData.swift */; };
		5C8BDF3D217CA3540013BBB7 /* NameData.swift in Sources */ = {isa = PBXBuildFile; fileRef = 5C8BDF3C217CA3540013BBB7 /* NameData.swift */; };
		5C8BDF3F217CA3710013BBB7 /* PictureData.swift in Sources */ = {isa = PBXBuildFile; fileRef = 5C8BDF3E217CA3710013BBB7 /* PictureData.swift */; };
		5C8BDF41217CA9F00013BBB7 /* User.swift in Sources */ = {isa = PBXBuildFile; fileRef = 5C8BDF40217CA9F00013BBB7 /* User.swift */; };
		5C8BDF45217CAAD10013BBB7 /* RegisteredData.swift in Sources */ = {isa = PBXBuildFile; fileRef = 5C8BDF44217CAAD10013BBB7 /* RegisteredData.swift */; };
		5C8BDF47217CAB630013BBB7 /* LocationData.swift in Sources */ = {isa = PBXBuildFile; fileRef = 5C8BDF46217CAB630013BBB7 /* LocationData.swift */; };
		5C8BDF4A217CAC870013BBB7 /* UserRepositoryTests.swift in Sources */ = {isa = PBXBuildFile; fileRef = 5C8BDF49217CAC870013BBB7 /* UserRepositoryTests.swift */; };
		5C8BDF4D217CAD4E0013BBB7 /* HTTPClientMock.swift in Sources */ = {isa = PBXBuildFile; fileRef = 5C8BDF4C217CAD4E0013BBB7 /* HTTPClientMock.swift */; };
		5C8BDF50217CB6380013BBB7 /* UserMapper.swift in Sources */ = {isa = PBXBuildFile; fileRef = 5C8BDF4F217CB6380013BBB7 /* UserMapper.swift */; };
		5C8BDF55217CB7B60013BBB7 /* HomeInteractorContract.swift in Sources */ = {isa = PBXBuildFile; fileRef = 5C8BDF54217CB7B60013BBB7 /* HomeInteractorContract.swift */; };
		5C8BDF57217CB7D40013BBB7 /* HomeInteractor.swift in Sources */ = {isa = PBXBuildFile; fileRef = 5C8BDF56217CB7D40013BBB7 /* HomeInteractor.swift */; };
		5C8BDF59217CB9E20013BBB7 /* HomeInteractorTests.swift in Sources */ = {isa = PBXBuildFile; fileRef = 5C8BDF58217CB9E20013BBB7 /* HomeInteractorTests.swift */; };
		9B0E2291F85E3AF184D294B6 /* Pods_Random.framework in Frameworks */ = {isa = PBXBuildFile; fileRef = 2B6E1BB19BD39E6126F9C038 /* Pods_Random.framework */; };
		AE52355DD9A252470BC91846 /* Pods_RandomTests.framework in Frameworks */ = {isa = PBXBuildFile; fileRef = 2C15E845A2E1074CF134DE4F /* Pods_RandomTests.framework */; };
/* End PBXBuildFile section */

/* Begin PBXContainerItemProxy section */
		2D38E58C217B3F9E00516C65 /* PBXContainerItemProxy */ = {
			isa = PBXContainerItemProxy;
			containerPortal = 2D38E56F217B3F9C00516C65 /* Project object */;
			proxyType = 1;
			remoteGlobalIDString = 2D38E576217B3F9C00516C65;
			remoteInfo = Random;
		};
		2D38E597217B3F9E00516C65 /* PBXContainerItemProxy */ = {
			isa = PBXContainerItemProxy;
			containerPortal = 2D38E56F217B3F9C00516C65 /* Project object */;
			proxyType = 1;
			remoteGlobalIDString = 2D38E576217B3F9C00516C65;
			remoteInfo = Random;
		};
/* End PBXContainerItemProxy section */

/* Begin PBXFileReference section */
		0A8A3572414B7F5512439E38 /* Pods-Random.debug.xcconfig */ = {isa = PBXFileReference; includeInIndex = 1; lastKnownFileType = text.xcconfig; name = "Pods-Random.debug.xcconfig"; path = "Pods/Target Support Files/Pods-Random/Pods-Random.debug.xcconfig"; sourceTree = "<group>"; };
		2B6E1BB19BD39E6126F9C038 /* Pods_Random.framework */ = {isa = PBXFileReference; explicitFileType = wrapper.framework; includeInIndex = 0; path = Pods_Random.framework; sourceTree = BUILT_PRODUCTS_DIR; };
		2C15E845A2E1074CF134DE4F /* Pods_RandomTests.framework */ = {isa = PBXFileReference; explicitFileType = wrapper.framework; includeInIndex = 0; path = Pods_RandomTests.framework; sourceTree = BUILT_PRODUCTS_DIR; };
		2D29CBEF217D0B5E00C046B9 /* UserRepositoryMock.swift */ = {isa = PBXFileReference; lastKnownFileType = sourcecode.swift; path = UserRepositoryMock.swift; sourceTree = "<group>"; };
		2D29CBF7217D134000C046B9 /* HomePresenterTests.swift */ = {isa = PBXFileReference; lastKnownFileType = sourcecode.swift; path = HomePresenterTests.swift; sourceTree = "<group>"; };
		2D29CBFF217D142600C046B9 /* HomeViewContract.swift */ = {isa = PBXFileReference; fileEncoding = 4; lastKnownFileType = sourcecode.swift; path = HomeViewContract.swift; sourceTree = "<group>"; };
		2D29CC02217D142F00C046B9 /* HomePresenterContract.swift */ = {isa = PBXFileReference; fileEncoding = 4; lastKnownFileType = sourcecode.swift; path = HomePresenterContract.swift; sourceTree = "<group>"; };
		2D29CC03217D142F00C046B9 /* HomePresenter.swift */ = {isa = PBXFileReference; fileEncoding = 4; lastKnownFileType = sourcecode.swift; path = HomePresenter.swift; sourceTree = "<group>"; };
		2D29CC06217D15E400C046B9 /* HomeViewMock.swift */ = {isa = PBXFileReference; lastKnownFileType = sourcecode.swift; path = HomeViewMock.swift; sourceTree = "<group>"; };
		2D29CC08217D15ED00C046B9 /* HomeInteractorMock.swift */ = {isa = PBXFileReference; lastKnownFileType = sourcecode.swift; path = HomeInteractorMock.swift; sourceTree = "<group>"; };
		2D29CC0B217D1BD800C046B9 /* HomeViewController.swift */ = {isa = PBXFileReference; lastKnownFileType = sourcecode.swift; path = HomeViewController.swift; sourceTree = "<group>"; };
		2D29CC0D217D1BFF00C046B9 /* HomeViewController+Layout.swift */ = {isa = PBXFileReference; lastKnownFileType = sourcecode.swift; path = "HomeViewController+Layout.swift"; sourceTree = "<group>"; };
		2D29CC13217D1E0100C046B9 /* HomeCollectionViewCell.swift */ = {isa = PBXFileReference; lastKnownFileType = sourcecode.swift; path = HomeCollectionViewCell.swift; sourceTree = "<group>"; };
		2D29CC15217D1E6900C046B9 /* HomeCollectionViewCell+Layout.swift */ = {isa = PBXFileReference; lastKnownFileType = sourcecode.swift; path = "HomeCollectionViewCell+Layout.swift"; sourceTree = "<group>"; };
		2D29CC18217D203C00C046B9 /* Views.swift */ = {isa = PBXFileReference; lastKnownFileType = sourcecode.swift; path = Views.swift; sourceTree = "<group>"; };
		2D29CC1A217D229F00C046B9 /* HomeConfigurator.swift */ = {isa = PBXFileReference; lastKnownFileType = sourcecode.swift; path = HomeConfigurator.swift; sourceTree = "<group>"; };
		2D29CC1E217D2FC900C046B9 /* Results.swift */ = {isa = PBXFileReference; lastKnownFileType = sourcecode.swift; path = Results.swift; sourceTree = "<group>"; };
		2D29CC21217D30EC00C046B9 /* UserViewModel.swift */ = {isa = PBXFileReference; lastKnownFileType = sourcecode.swift; path = UserViewModel.swift; sourceTree = "<group>"; };
		2D29CC23217D354100C046B9 /* Colors.swift */ = {isa = PBXFileReference; lastKnownFileType = sourcecode.swift; path = Colors.swift; sourceTree = "<group>"; };
		2D29CC25217D367200C046B9 /* RoundedButton.swift */ = {isa = PBXFileReference; lastKnownFileType = sourcecode.swift; path = RoundedButton.swift; sourceTree = "<group>"; };
		2D38E577217B3F9C00516C65 /* Random.app */ = {isa = PBXFileReference; explicitFileType = wrapper.application; includeInIndex = 0; path = Random.app; sourceTree = BUILT_PRODUCTS_DIR; };
		2D38E57A217B3F9C00516C65 /* AppDelegate.swift */ = {isa = PBXFileReference; lastKnownFileType = sourcecode.swift; path = AppDelegate.swift; sourceTree = "<group>"; };
		2D38E581217B3F9E00516C65 /* Assets.xcassets */ = {isa = PBXFileReference; lastKnownFileType = folder.assetcatalog; path = Assets.xcassets; sourceTree = "<group>"; };
		2D38E584217B3F9E00516C65 /* Base */ = {isa = PBXFileReference; lastKnownFileType = file.storyboard; name = Base; path = Base.lproj/LaunchScreen.storyboard; sourceTree = "<group>"; };
		2D38E586217B3F9E00516C65 /* Info.plist */ = {isa = PBXFileReference; lastKnownFileType = text.plist.xml; path = Info.plist; sourceTree = "<group>"; };
		2D38E58B217B3F9E00516C65 /* RandomTests.xctest */ = {isa = PBXFileReference; explicitFileType = wrapper.cfbundle; includeInIndex = 0; path = RandomTests.xctest; sourceTree = BUILT_PRODUCTS_DIR; };
		2D38E58F217B3F9E00516C65 /* RandomTests.swift */ = {isa = PBXFileReference; lastKnownFileType = sourcecode.swift; path = RandomTests.swift; sourceTree = "<group>"; };
		2D38E591217B3F9E00516C65 /* Info.plist */ = {isa = PBXFileReference; lastKnownFileType = text.plist.xml; path = Info.plist; sourceTree = "<group>"; };
		2D38E596217B3F9E00516C65 /* RandomUITests.xctest */ = {isa = PBXFileReference; explicitFileType = wrapper.cfbundle; includeInIndex = 0; path = RandomUITests.xctest; sourceTree = BUILT_PRODUCTS_DIR; };
		2D38E59A217B3F9E00516C65 /* RandomUITests.swift */ = {isa = PBXFileReference; lastKnownFileType = sourcecode.swift; path = RandomUITests.swift; sourceTree = "<group>"; };
		2D38E59C217B3F9E00516C65 /* Info.plist */ = {isa = PBXFileReference; lastKnownFileType = text.plist.xml; path = Info.plist; sourceTree = "<group>"; };
		2D38E5BA217B451E00516C65 /* HTTPClientContract.swift */ = {isa = PBXFileReference; lastKnownFileType = sourcecode.swift; path = HTTPClientContract.swift; sourceTree = "<group>"; };
		2D38E5BC217B452200516C65 /* HTTPClient.swift */ = {isa = PBXFileReference; lastKnownFileType = sourcecode.swift; path = HTTPClient.swift; sourceTree = "<group>"; };
		2D38E5BE217B479700516C65 /* APIModule.swift */ = {isa = PBXFileReference; lastKnownFileType = sourcecode.swift; path = APIModule.swift; sourceTree = "<group>"; };
		2DDF5FC1217D3A3300E21ECF /* Devices.swift */ = {isa = PBXFileReference; fileEncoding = 4; lastKnownFileType = sourcecode.swift; path = Devices.swift; sourceTree = "<group>"; };
		2DDF5FC5217D3B2300E21ECF /* DetailInteractorContract.swift */ = {isa = PBXFileReference; lastKnownFileType = sourcecode.swift; path = DetailInteractorContract.swift; sourceTree = "<group>"; };
		2DDF5FC7217D3B3000E21ECF /* DetailInteractor.swift */ = {isa = PBXFileReference; lastKnownFileType = sourcecode.swift; path = DetailInteractor.swift; sourceTree = "<group>"; };
		2DDF5FCD217D3C0900E21ECF /* DetailInteractorTests.swift */ = {isa = PBXFileReference; lastKnownFileType = sourcecode.swift; path = DetailInteractorTests.swift; sourceTree = "<group>"; };
		2DDF5FD0217D40C800E21ECF /* DetailPresenter.swift */ = {isa = PBXFileReference; lastKnownFileType = sourcecode.swift; path = DetailPresenter.swift; sourceTree = "<group>"; };
		2DDF5FD2217D40CD00E21ECF /* DetailPresenterContract.swift */ = {isa = PBXFileReference; lastKnownFileType = sourcecode.swift; path = DetailPresenterContract.swift; sourceTree = "<group>"; };
		2DDF5FD5217D420D00E21ECF /* DetailViewContract.swift */ = {isa = PBXFileReference; lastKnownFileType = sourcecode.swift; path = DetailViewContract.swift; sourceTree = "<group>"; };
		2DDF5FD7217D422F00E21ECF /* UserDetailViewModel.swift */ = {isa = PBXFileReference; lastKnownFileType = sourcecode.swift; path = UserDetailViewModel.swift; sourceTree = "<group>"; };
		2DDF5FDD217D455B00E21ECF /* DetailViewMock.swift */ = {isa = PBXFileReference; lastKnownFileType = sourcecode.swift; path = DetailViewMock.swift; sourceTree = "<group>"; };
		2DDF5FE0217D45DB00E21ECF /* DetailInteractorMock.swift */ = {isa = PBXFileReference; lastKnownFileType = sourcecode.swift; path = DetailInteractorMock.swift; sourceTree = "<group>"; };
		2DDF5FE2217D465500E21ECF /* DetailPresenterTests.swift */ = {isa = PBXFileReference; lastKnownFileType = sourcecode.swift; path = DetailPresenterTests.swift; sourceTree = "<group>"; };
		2DDF5FEA217D49EA00E21ECF /* UserDataBase.swift */ = {isa = PBXFileReference; fileEncoding = 4; lastKnownFileType = sourcecode.swift; path = UserDataBase.swift; sourceTree = "<group>"; };
		2DDF5FEC217D4AFB00E21ECF /* LocationDataBase.swift */ = {isa = PBXFileReference; lastKnownFileType = sourcecode.swift; path = LocationDataBase.swift; sourceTree = "<group>"; };
		2DDF5FEF217D4C0700E21ECF /* DataBaseClientContract.swift */ = {isa = PBXFileReference; lastKnownFileType = sourcecode.swift; path = DataBaseClientContract.swift; sourceTree = "<group>"; };
		2DDF5FF1217D4C0D00E21ECF /* DataBaseClient.swift */ = {isa = PBXFileReference; lastKnownFileType = sourcecode.swift; path = DataBaseClient.swift; sourceTree = "<group>"; };
		2DDF5FF3217D5ADF00E21ECF /* IdUser.swift */ = {isa = PBXFileReference; lastKnownFileType = sourcecode.swift; path = IdUser.swift; sourceTree = "<group>"; };
		51ED68883FF18F7168318468 /* Pods-Random.release.xcconfig */ = {isa = PBXFileReference; includeInIndex = 1; lastKnownFileType = text.xcconfig; name = "Pods-Random.release.xcconfig"; path = "Pods/Target Support Files/Pods-Random/Pods-Random.release.xcconfig"; sourceTree = "<group>"; };
		57614BC2836313B8B16D0917 /* Pods-RandomTests.release.xcconfig */ = {isa = PBXFileReference; includeInIndex = 1; lastKnownFileType = text.xcconfig; name = "Pods-RandomTests.release.xcconfig"; path = "Pods/Target Support Files/Pods-RandomTests/Pods-RandomTests.release.xcconfig"; sourceTree = "<group>"; };
		5C8BDF2D217C90660013BBB7 /* APIModuleTest.swift */ = {isa = PBXFileReference; lastKnownFileType = sourcecode.swift; name = APIModuleTest.swift; path = RandomTests/UnitTests/APIModule/APIModuleTest.swift; sourceTree = SOURCE_ROOT; };
		5C8BDF33217CA0B60013BBB7 /* UserRepositoryContract.swift */ = {isa = PBXFileReference; lastKnownFileType = sourcecode.swift; path = UserRepositoryContract.swift; sourceTree = "<group>"; };
		5C8BDF35217CA0BE0013BBB7 /* UserRepository.swift */ = {isa = PBXFileReference; lastKnownFileType = sourcecode.swift; path = UserRepository.swift; sourceTree = "<group>"; };
		5C8BDF38217CA1130013BBB7 /* Pagination.swift */ = {isa = PBXFileReference; lastKnownFileType = sourcecode.swift; path = Pagination.swift; sourceTree = "<group>"; };
		5C8BDF3A217CA1A70013BBB7 /* UserData.swift */ = {isa = PBXFileReference; lastKnownFileType = sourcecode.swift; path = UserData.swift; sourceTree = "<group>"; };
		5C8BDF3C217CA3540013BBB7 /* NameData.swift */ = {isa = PBXFileReference; lastKnownFileType = sourcecode.swift; path = NameData.swift; sourceTree = "<group>"; };
		5C8BDF3E217CA3710013BBB7 /* PictureData.swift */ = {isa = PBXFileReference; lastKnownFileType = sourcecode.swift; path = PictureData.swift; sourceTree = "<group>"; };
		5C8BDF40217CA9F00013BBB7 /* User.swift */ = {isa = PBXFileReference; lastKnownFileType = sourcecode.swift; path = User.swift; sourceTree = "<group>"; };
		5C8BDF44217CAAD10013BBB7 /* RegisteredData.swift */ = {isa = PBXFileReference; lastKnownFileType = sourcecode.swift; path = RegisteredData.swift; sourceTree = "<group>"; };
		5C8BDF46217CAB630013BBB7 /* LocationData.swift */ = {isa = PBXFileReference; lastKnownFileType = sourcecode.swift; path = LocationData.swift; sourceTree = "<group>"; };
		5C8BDF49217CAC870013BBB7 /* UserRepositoryTests.swift */ = {isa = PBXFileReference; lastKnownFileType = sourcecode.swift; path = UserRepositoryTests.swift; sourceTree = "<group>"; };
		5C8BDF4C217CAD4E0013BBB7 /* HTTPClientMock.swift */ = {isa = PBXFileReference; lastKnownFileType = sourcecode.swift; path = HTTPClientMock.swift; sourceTree = "<group>"; };
		5C8BDF4F217CB6380013BBB7 /* UserMapper.swift */ = {isa = PBXFileReference; lastKnownFileType = sourcecode.swift; path = UserMapper.swift; sourceTree = "<group>"; };
		5C8BDF54217CB7B60013BBB7 /* HomeInteractorContract.swift */ = {isa = PBXFileReference; lastKnownFileType = sourcecode.swift; path = HomeInteractorContract.swift; sourceTree = "<group>"; };
		5C8BDF56217CB7D40013BBB7 /* HomeInteractor.swift */ = {isa = PBXFileReference; lastKnownFileType = sourcecode.swift; path = HomeInteractor.swift; sourceTree = "<group>"; };
		5C8BDF58217CB9E20013BBB7 /* HomeInteractorTests.swift */ = {isa = PBXFileReference; lastKnownFileType = sourcecode.swift; path = HomeInteractorTests.swift; sourceTree = "<group>"; };
		A5439FEEFF2A98589881037E /* Pods-RandomTests.debug.xcconfig */ = {isa = PBXFileReference; includeInIndex = 1; lastKnownFileType = text.xcconfig; name = "Pods-RandomTests.debug.xcconfig"; path = "Pods/Target Support Files/Pods-RandomTests/Pods-RandomTests.debug.xcconfig"; sourceTree = "<group>"; };
/* End PBXFileReference section */

/* Begin PBXFrameworksBuildPhase section */
		2D38E574217B3F9C00516C65 /* Frameworks */ = {
			isa = PBXFrameworksBuildPhase;
			buildActionMask = 2147483647;
			files = (
				9B0E2291F85E3AF184D294B6 /* Pods_Random.framework in Frameworks */,
			);
			runOnlyForDeploymentPostprocessing = 0;
		};
		2D38E588217B3F9E00516C65 /* Frameworks */ = {
			isa = PBXFrameworksBuildPhase;
			buildActionMask = 2147483647;
			files = (
				AE52355DD9A252470BC91846 /* Pods_RandomTests.framework in Frameworks */,
			);
			runOnlyForDeploymentPostprocessing = 0;
		};
		2D38E593217B3F9E00516C65 /* Frameworks */ = {
			isa = PBXFrameworksBuildPhase;
			buildActionMask = 2147483647;
			files = (
			);
			runOnlyForDeploymentPostprocessing = 0;
		};
/* End PBXFrameworksBuildPhase section */

/* Begin PBXGroup section */
		2A37F421BE3F7BAF51877081 /* Pods */ = {
			isa = PBXGroup;
			children = (
				0A8A3572414B7F5512439E38 /* Pods-Random.debug.xcconfig */,
				51ED68883FF18F7168318468 /* Pods-Random.release.xcconfig */,
				A5439FEEFF2A98589881037E /* Pods-RandomTests.debug.xcconfig */,
				57614BC2836313B8B16D0917 /* Pods-RandomTests.release.xcconfig */,
			);
			name = Pods;
			sourceTree = "<group>";
		};
		2D29CBFE217D142600C046B9 /* View */ = {
			isa = PBXGroup;
			children = (
				2D29CC12217D1DE600C046B9 /* Components */,
				2D29CBFF217D142600C046B9 /* HomeViewContract.swift */,
				2D29CC0B217D1BD800C046B9 /* HomeViewController.swift */,
				2D29CC0D217D1BFF00C046B9 /* HomeViewController+Layout.swift */,
			);
			path = View;
			sourceTree = "<group>";
		};
		2D29CC01217D142F00C046B9 /* Presenter */ = {
			isa = PBXGroup;
			children = (
				2D29CC02217D142F00C046B9 /* HomePresenterContract.swift */,
				2D29CC03217D142F00C046B9 /* HomePresenter.swift */,
			);
			path = Presenter;
			sourceTree = "<group>";
		};
		2D29CC12217D1DE600C046B9 /* Components */ = {
			isa = PBXGroup;
			children = (
				2D29CC13217D1E0100C046B9 /* HomeCollectionViewCell.swift */,
				2D29CC15217D1E6900C046B9 /* HomeCollectionViewCell+Layout.swift */,
			);
			path = Components;
			sourceTree = "<group>";
		};
		2D29CC17217D201E00C046B9 /* Common */ = {
			isa = PBXGroup;
			children = (
				2DDF5FC1217D3A3300E21ECF /* Devices.swift */,
				2D29CC18217D203C00C046B9 /* Views.swift */,
				2D29CC23217D354100C046B9 /* Colors.swift */,
				2D29CC25217D367200C046B9 /* RoundedButton.swift */,
			);
			path = Common;
			sourceTree = "<group>";
		};
		2D29CC20217D30E000C046B9 /* ViewData */ = {
			isa = PBXGroup;
			children = (
				2D29CC21217D30EC00C046B9 /* UserViewModel.swift */,
				2DDF5FD7217D422F00E21ECF /* UserDetailViewModel.swift */,
			);
			path = ViewData;
			sourceTree = "<group>";
		};
		2D38E56E217B3F9C00516C65 = {
			isa = PBXGroup;
			children = (
				2D38E579217B3F9C00516C65 /* Random */,
				2D38E58E217B3F9E00516C65 /* RandomTests */,
				2D38E599217B3F9E00516C65 /* RandomUITests */,
				2D38E578217B3F9C00516C65 /* Products */,
				2A37F421BE3F7BAF51877081 /* Pods */,
				452E9A64F0499FFDB6984585 /* Frameworks */,
			);
			sourceTree = "<group>";
		};
		2D38E578217B3F9C00516C65 /* Products */ = {
			isa = PBXGroup;
			children = (
				2D38E577217B3F9C00516C65 /* Random.app */,
				2D38E58B217B3F9E00516C65 /* RandomTests.xctest */,
				2D38E596217B3F9E00516C65 /* RandomUITests.xctest */,
			);
			name = Products;
			sourceTree = "<group>";
		};
		2D38E579217B3F9C00516C65 /* Random */ = {
			isa = PBXGroup;
			children = (
				2D29CC17217D201E00C046B9 /* Common */,
				5C8BDF51217CB7990013BBB7 /* Modules */,
				5C8BDF37217CA10B0013BBB7 /* Entities */,
				5C8BDF31217CA09F0013BBB7 /* Repositories */,
				2D38E5AA217B429600516C65 /* Clients */,
				2D38E57A217B3F9C00516C65 /* AppDelegate.swift */,
				2D38E581217B3F9E00516C65 /* Assets.xcassets */,
				2D38E583217B3F9E00516C65 /* LaunchScreen.storyboard */,
				2D38E586217B3F9E00516C65 /* Info.plist */,
			);
			path = Random;
			sourceTree = "<group>";
		};
		2D38E58E217B3F9E00516C65 /* RandomTests */ = {
			isa = PBXGroup;
			children = (
				5C8BDF4B217CAD450013BBB7 /* Mock */,
				5C8BDF48217CAC730013BBB7 /* UnitTests */,
				2D38E58F217B3F9E00516C65 /* RandomTests.swift */,
				2D38E591217B3F9E00516C65 /* Info.plist */,
			);
			path = RandomTests;
			sourceTree = "<group>";
		};
		2D38E599217B3F9E00516C65 /* RandomUITests */ = {
			isa = PBXGroup;
			children = (
				2D38E59A217B3F9E00516C65 /* RandomUITests.swift */,
				2D38E59C217B3F9E00516C65 /* Info.plist */,
			);
			path = RandomUITests;
			sourceTree = "<group>";
		};
		2D38E5AA217B429600516C65 /* Clients */ = {
			isa = PBXGroup;
			children = (
				2DDF5FEE217D4BEE00E21ECF /* DataBaseClient */,
				2D38E5B8217B435800516C65 /* HTTPClient */,
			);
			path = Clients;
			sourceTree = "<group>";
		};
		2D38E5B8217B435800516C65 /* HTTPClient */ = {
			isa = PBXGroup;
			children = (
				2D38E5BA217B451E00516C65 /* HTTPClientContract.swift */,
				2D38E5BC217B452200516C65 /* HTTPClient.swift */,
				2D38E5BE217B479700516C65 /* APIModule.swift */,
			);
			path = HTTPClient;
			sourceTree = "<group>";
		};
		2DDF5FC3217D3B0B00E21ECF /* Detail */ = {
			isa = PBXGroup;
			children = (
				2DDF5FD4217D420200E21ECF /* View */,
				2DDF5FCF217D40BE00E21ECF /* Presenter */,
				2DDF5FC4217D3B1400E21ECF /* Interactor */,
			);
			path = Detail;
			sourceTree = "<group>";
		};
		2DDF5FC4217D3B1400E21ECF /* Interactor */ = {
			isa = PBXGroup;
			children = (
				2DDF5FC7217D3B3000E21ECF /* DetailInteractor.swift */,
				2DDF5FC5217D3B2300E21ECF /* DetailInteractorContract.swift */,
			);
			path = Interactor;
			sourceTree = "<group>";
		};
		2DDF5FC9217D3B7B00E21ECF /* Repository */ = {
			isa = PBXGroup;
			children = (
				5C8BDF49217CAC870013BBB7 /* UserRepositoryTests.swift */,
			);
			path = Repository;
			sourceTree = "<group>";
		};
		2DDF5FCA217D3B8700E21ECF /* Interactor */ = {
			isa = PBXGroup;
			children = (
				5C8BDF58217CB9E20013BBB7 /* HomeInteractorTests.swift */,
				2DDF5FCD217D3C0900E21ECF /* DetailInteractorTests.swift */,
			);
			path = Interactor;
			sourceTree = "<group>";
		};
		2DDF5FCB217D3B8C00E21ECF /* Presenter */ = {
			isa = PBXGroup;
			children = (
				2D29CBF7217D134000C046B9 /* HomePresenterTests.swift */,
				2DDF5FE2217D465500E21ECF /* DetailPresenterTests.swift */,
			);
			path = Presenter;
			sourceTree = "<group>";
		};
		2DDF5FCC217D3B9D00E21ECF /* APIModule */ = {
			isa = PBXGroup;
			children = (
				5C8BDF2D217C90660013BBB7 /* APIModuleTest.swift */,
			);
			path = APIModule;
			sourceTree = "<group>";
		};
		2DDF5FCF217D40BE00E21ECF /* Presenter */ = {
			isa = PBXGroup;
			children = (
				2DDF5FD0217D40C800E21ECF /* DetailPresenter.swift */,
				2DDF5FD2217D40CD00E21ECF /* DetailPresenterContract.swift */,
			);
			path = Presenter;
			sourceTree = "<group>";
		};
		2DDF5FD4217D420200E21ECF /* View */ = {
			isa = PBXGroup;
			children = (
				2DDF5FD5217D420D00E21ECF /* DetailViewContract.swift */,
			);
			path = View;
			sourceTree = "<group>";
		};
		2DDF5FD9217D452E00E21ECF /* VIew */ = {
			isa = PBXGroup;
			children = (
				2D29CC06217D15E400C046B9 /* HomeViewMock.swift */,
				2DDF5FDD217D455B00E21ECF /* DetailViewMock.swift */,
			);
			path = VIew;
			sourceTree = "<group>";
		};
		2DDF5FDA217D453300E21ECF /* Repository */ = {
			isa = PBXGroup;
			children = (
				2D29CBEF217D0B5E00C046B9 /* UserRepositoryMock.swift */,
			);
			path = Repository;
			sourceTree = "<group>";
		};
		2DDF5FDB217D453B00E21ECF /* Interactor */ = {
			isa = PBXGroup;
			children = (
				2D29CC08217D15ED00C046B9 /* HomeInteractorMock.swift */,
				2DDF5FE0217D45DB00E21ECF /* DetailInteractorMock.swift */,
			);
			path = Interactor;
			sourceTree = "<group>";
		};
		2DDF5FDC217D454800E21ECF /* Client */ = {
			isa = PBXGroup;
			children = (
				5C8BDF4C217CAD4E0013BBB7 /* HTTPClientMock.swift */,
			);
			path = Client;
			sourceTree = "<group>";
		};
		2DDF5FE9217D49EA00E21ECF /* PersistedData */ = {
			isa = PBXGroup;
			children = (
				2DDF5FEA217D49EA00E21ECF /* UserDataBase.swift */,
				2DDF5FEC217D4AFB00E21ECF /* LocationDataBase.swift */,
			);
			path = PersistedData;
			sourceTree = "<group>";
		};
		2DDF5FEE217D4BEE00E21ECF /* DataBaseClient */ = {
			isa = PBXGroup;
			children = (
				2DDF5FEF217D4C0700E21ECF /* DataBaseClientContract.swift */,
				2DDF5FF1217D4C0D00E21ECF /* DataBaseClient.swift */,
			);
			path = DataBaseClient;
			sourceTree = "<group>";
		};
		452E9A64F0499FFDB6984585 /* Frameworks */ = {
			isa = PBXGroup;
			children = (
				2B6E1BB19BD39E6126F9C038 /* Pods_Random.framework */,
				2C15E845A2E1074CF134DE4F /* Pods_RandomTests.framework */,
			);
			name = Frameworks;
			sourceTree = "<group>";
		};
		5C8BDF31217CA09F0013BBB7 /* Repositories */ = {
			isa = PBXGroup;
			children = (
				5C8BDF32217CA0A60013BBB7 /* UserRepository */,
			);
			path = Repositories;
			sourceTree = "<group>";
		};
		5C8BDF32217CA0A60013BBB7 /* UserRepository */ = {
			isa = PBXGroup;
			children = (
				5C8BDF33217CA0B60013BBB7 /* UserRepositoryContract.swift */,
				5C8BDF35217CA0BE0013BBB7 /* UserRepository.swift */,
			);
			path = UserRepository;
			sourceTree = "<group>";
		};
		5C8BDF37217CA10B0013BBB7 /* Entities */ = {
			isa = PBXGroup;
			children = (
				2DDF5FE9217D49EA00E21ECF /* PersistedData */,
				5C8BDF4E217CB62E0013BBB7 /* Mappers */,
				2D29CC20217D30E000C046B9 /* ViewData */,
				5C8BDF43217CAA280013BBB7 /* DomainData */,
				5C8BDF42217CAA110013BBB7 /* NetworkData */,
			);
			path = Entities;
			sourceTree = "<group>";
		};
		5C8BDF42217CAA110013BBB7 /* NetworkData */ = {
			isa = PBXGroup;
			children = (
				5C8BDF3A217CA1A70013BBB7 /* UserData.swift */,
				5C8BDF3C217CA3540013BBB7 /* NameData.swift */,
				5C8BDF3E217CA3710013BBB7 /* PictureData.swift */,
				5C8BDF44217CAAD10013BBB7 /* RegisteredData.swift */,
				5C8BDF46217CAB630013BBB7 /* LocationData.swift */,
				2D29CC1E217D2FC900C046B9 /* Results.swift */,
				2DDF5FF3217D5ADF00E21ECF /* IdUser.swift */,
			);
			path = NetworkData;
			sourceTree = "<group>";
		};
		5C8BDF43217CAA280013BBB7 /* DomainData */ = {
			isa = PBXGroup;
			children = (
				5C8BDF38217CA1130013BBB7 /* Pagination.swift */,
				5C8BDF40217CA9F00013BBB7 /* User.swift */,
			);
			path = DomainData;
			sourceTree = "<group>";
		};
		5C8BDF48217CAC730013BBB7 /* UnitTests */ = {
			isa = PBXGroup;
			children = (
				2DDF5FCC217D3B9D00E21ECF /* APIModule */,
				2DDF5FCB217D3B8C00E21ECF /* Presenter */,
				2DDF5FCA217D3B8700E21ECF /* Interactor */,
				2DDF5FC9217D3B7B00E21ECF /* Repository */,
			);
			path = UnitTests;
			sourceTree = "<group>";
		};
		5C8BDF4B217CAD450013BBB7 /* Mock */ = {
			isa = PBXGroup;
			children = (
				2DDF5FDC217D454800E21ECF /* Client */,
				2DDF5FDB217D453B00E21ECF /* Interactor */,
				2DDF5FDA217D453300E21ECF /* Repository */,
				2DDF5FD9217D452E00E21ECF /* VIew */,
			);
			path = Mock;
			sourceTree = "<group>";
		};
		5C8BDF4E217CB62E0013BBB7 /* Mappers */ = {
			isa = PBXGroup;
			children = (
				5C8BDF4F217CB6380013BBB7 /* UserMapper.swift */,
			);
			path = Mappers;
			sourceTree = "<group>";
		};
		5C8BDF51217CB7990013BBB7 /* Modules */ = {
			isa = PBXGroup;
			children = (
				2DDF5FC3217D3B0B00E21ECF /* Detail */,
				5C8BDF52217CB79F0013BBB7 /* Home */,
			);
			path = Modules;
			sourceTree = "<group>";
		};
		5C8BDF52217CB79F0013BBB7 /* Home */ = {
			isa = PBXGroup;
			children = (
				2D29CBFE217D142600C046B9 /* View */,
				2D29CC01217D142F00C046B9 /* Presenter */,
				5C8BDF53217CB7AA0013BBB7 /* Interactor */,
				2D29CC1A217D229F00C046B9 /* HomeConfigurator.swift */,
			);
			path = Home;
			sourceTree = "<group>";
		};
		5C8BDF53217CB7AA0013BBB7 /* Interactor */ = {
			isa = PBXGroup;
			children = (
				5C8BDF56217CB7D40013BBB7 /* HomeInteractor.swift */,
				5C8BDF54217CB7B60013BBB7 /* HomeInteractorContract.swift */,
			);
			path = Interactor;
			sourceTree = "<group>";
		};
/* End PBXGroup section */

/* Begin PBXNativeTarget section */
		2D38E576217B3F9C00516C65 /* Random */ = {
			isa = PBXNativeTarget;
			buildConfigurationList = 2D38E59F217B3F9E00516C65 /* Build configuration list for PBXNativeTarget "Random" */;
			buildPhases = (
				E42EF90B7B31DFCD2DD7324B /* [CP] Check Pods Manifest.lock */,
				2D38E573217B3F9C00516C65 /* Sources */,
				2D38E574217B3F9C00516C65 /* Frameworks */,
				2D38E575217B3F9C00516C65 /* Resources */,
				EB63525DB25AEAAABFBD18BC /* [CP] Embed Pods Frameworks */,
			);
			buildRules = (
			);
			dependencies = (
			);
			name = Random;
			productName = Random;
			productReference = 2D38E577217B3F9C00516C65 /* Random.app */;
			productType = "com.apple.product-type.application";
		};
		2D38E58A217B3F9E00516C65 /* RandomTests */ = {
			isa = PBXNativeTarget;
			buildConfigurationList = 2D38E5A2217B3F9E00516C65 /* Build configuration list for PBXNativeTarget "RandomTests" */;
			buildPhases = (
				965E64C3516123F4FF35897B /* [CP] Check Pods Manifest.lock */,
				2D38E587217B3F9E00516C65 /* Sources */,
				2D38E588217B3F9E00516C65 /* Frameworks */,
				2D38E589217B3F9E00516C65 /* Resources */,
				BE7152A9082AB173B29CA72D /* [CP] Embed Pods Frameworks */,
			);
			buildRules = (
			);
			dependencies = (
				2D38E58D217B3F9E00516C65 /* PBXTargetDependency */,
			);
			name = RandomTests;
			productName = RandomTests;
			productReference = 2D38E58B217B3F9E00516C65 /* RandomTests.xctest */;
			productType = "com.apple.product-type.bundle.unit-test";
		};
		2D38E595217B3F9E00516C65 /* RandomUITests */ = {
			isa = PBXNativeTarget;
			buildConfigurationList = 2D38E5A5217B3F9E00516C65 /* Build configuration list for PBXNativeTarget "RandomUITests" */;
			buildPhases = (
				2D38E592217B3F9E00516C65 /* Sources */,
				2D38E593217B3F9E00516C65 /* Frameworks */,
				2D38E594217B3F9E00516C65 /* Resources */,
			);
			buildRules = (
			);
			dependencies = (
				2D38E598217B3F9E00516C65 /* PBXTargetDependency */,
			);
			name = RandomUITests;
			productName = RandomUITests;
			productReference = 2D38E596217B3F9E00516C65 /* RandomUITests.xctest */;
			productType = "com.apple.product-type.bundle.ui-testing";
		};
/* End PBXNativeTarget section */

/* Begin PBXProject section */
		2D38E56F217B3F9C00516C65 /* Project object */ = {
			isa = PBXProject;
			attributes = {
				LastSwiftUpdateCheck = 1000;
				LastUpgradeCheck = 1000;
				ORGANIZATIONNAME = AKA7;
				TargetAttributes = {
					2D38E576217B3F9C00516C65 = {
						CreatedOnToolsVersion = 10.0;
					};
					2D38E58A217B3F9E00516C65 = {
						CreatedOnToolsVersion = 10.0;
						TestTargetID = 2D38E576217B3F9C00516C65;
					};
					2D38E595217B3F9E00516C65 = {
						CreatedOnToolsVersion = 10.0;
						TestTargetID = 2D38E576217B3F9C00516C65;
					};
				};
			};
			buildConfigurationList = 2D38E572217B3F9C00516C65 /* Build configuration list for PBXProject "Random" */;
			compatibilityVersion = "Xcode 9.3";
			developmentRegion = en;
			hasScannedForEncodings = 0;
			knownRegions = (
				en,
				Base,
			);
			mainGroup = 2D38E56E217B3F9C00516C65;
			productRefGroup = 2D38E578217B3F9C00516C65 /* Products */;
			projectDirPath = "";
			projectRoot = "";
			targets = (
				2D38E576217B3F9C00516C65 /* Random */,
				2D38E58A217B3F9E00516C65 /* RandomTests */,
				2D38E595217B3F9E00516C65 /* RandomUITests */,
			);
		};
/* End PBXProject section */

/* Begin PBXResourcesBuildPhase section */
		2D38E575217B3F9C00516C65 /* Resources */ = {
			isa = PBXResourcesBuildPhase;
			buildActionMask = 2147483647;
			files = (
				2D38E585217B3F9E00516C65 /* LaunchScreen.storyboard in Resources */,
				2D38E582217B3F9E00516C65 /* Assets.xcassets in Resources */,
			);
			runOnlyForDeploymentPostprocessing = 0;
		};
		2D38E589217B3F9E00516C65 /* Resources */ = {
			isa = PBXResourcesBuildPhase;
			buildActionMask = 2147483647;
			files = (
			);
			runOnlyForDeploymentPostprocessing = 0;
		};
		2D38E594217B3F9E00516C65 /* Resources */ = {
			isa = PBXResourcesBuildPhase;
			buildActionMask = 2147483647;
			files = (
			);
			runOnlyForDeploymentPostprocessing = 0;
		};
/* End PBXResourcesBuildPhase section */

/* Begin PBXShellScriptBuildPhase section */
		965E64C3516123F4FF35897B /* [CP] Check Pods Manifest.lock */ = {
			isa = PBXShellScriptBuildPhase;
			buildActionMask = 2147483647;
			files = (
			);
			inputFileListPaths = (
			);
			inputPaths = (
				"${PODS_PODFILE_DIR_PATH}/Podfile.lock",
				"${PODS_ROOT}/Manifest.lock",
			);
			name = "[CP] Check Pods Manifest.lock";
			outputFileListPaths = (
			);
			outputPaths = (
				"$(DERIVED_FILE_DIR)/Pods-RandomTests-checkManifestLockResult.txt",
			);
			runOnlyForDeploymentPostprocessing = 0;
			shellPath = /bin/sh;
			shellScript = "diff \"${PODS_PODFILE_DIR_PATH}/Podfile.lock\" \"${PODS_ROOT}/Manifest.lock\" > /dev/null\nif [ $? != 0 ] ; then\n    # print error to STDERR\n    echo \"error: The sandbox is not in sync with the Podfile.lock. Run 'pod install' or update your CocoaPods installation.\" >&2\n    exit 1\nfi\n# This output is used by Xcode 'outputs' to avoid re-running this script phase.\necho \"SUCCESS\" > \"${SCRIPT_OUTPUT_FILE_0}\"\n";
			showEnvVarsInLog = 0;
		};
		BE7152A9082AB173B29CA72D /* [CP] Embed Pods Frameworks */ = {
			isa = PBXShellScriptBuildPhase;
			buildActionMask = 2147483647;
			files = (
			);
			inputFileListPaths = (
			);
			inputPaths = (
				"${SRCROOT}/Pods/Target Support Files/Pods-RandomTests/Pods-RandomTests-frameworks.sh",
				"${BUILT_PRODUCTS_DIR}/Alamofire/Alamofire.framework",
				"${BUILT_PRODUCTS_DIR}/Moya/Moya.framework",
				"${BUILT_PRODUCTS_DIR}/Result/Result.framework",
				"${BUILT_PRODUCTS_DIR}/RxSwift/RxSwift.framework",
				"${BUILT_PRODUCTS_DIR}/Mockit/Mockit.framework",
				"${BUILT_PRODUCTS_DIR}/RxBlocking/RxBlocking.framework",
				"${BUILT_PRODUCTS_DIR}/RxTest/RxTest.framework",
			);
			name = "[CP] Embed Pods Frameworks";
			outputFileListPaths = (
			);
			outputPaths = (
				"${TARGET_BUILD_DIR}/${FRAMEWORKS_FOLDER_PATH}/Alamofire.framework",
				"${TARGET_BUILD_DIR}/${FRAMEWORKS_FOLDER_PATH}/Moya.framework",
				"${TARGET_BUILD_DIR}/${FRAMEWORKS_FOLDER_PATH}/Result.framework",
				"${TARGET_BUILD_DIR}/${FRAMEWORKS_FOLDER_PATH}/RxSwift.framework",
				"${TARGET_BUILD_DIR}/${FRAMEWORKS_FOLDER_PATH}/Mockit.framework",
				"${TARGET_BUILD_DIR}/${FRAMEWORKS_FOLDER_PATH}/RxBlocking.framework",
				"${TARGET_BUILD_DIR}/${FRAMEWORKS_FOLDER_PATH}/RxTest.framework",
			);
			runOnlyForDeploymentPostprocessing = 0;
			shellPath = /bin/sh;
			shellScript = "\"${SRCROOT}/Pods/Target Support Files/Pods-RandomTests/Pods-RandomTests-frameworks.sh\"\n";
			showEnvVarsInLog = 0;
		};
		E42EF90B7B31DFCD2DD7324B /* [CP] Check Pods Manifest.lock */ = {
			isa = PBXShellScriptBuildPhase;
			buildActionMask = 2147483647;
			files = (
			);
			inputFileListPaths = (
			);
			inputPaths = (
				"${PODS_PODFILE_DIR_PATH}/Podfile.lock",
				"${PODS_ROOT}/Manifest.lock",
			);
			name = "[CP] Check Pods Manifest.lock";
			outputFileListPaths = (
			);
			outputPaths = (
				"$(DERIVED_FILE_DIR)/Pods-Random-checkManifestLockResult.txt",
			);
			runOnlyForDeploymentPostprocessing = 0;
			shellPath = /bin/sh;
			shellScript = "diff \"${PODS_PODFILE_DIR_PATH}/Podfile.lock\" \"${PODS_ROOT}/Manifest.lock\" > /dev/null\nif [ $? != 0 ] ; then\n    # print error to STDERR\n    echo \"error: The sandbox is not in sync with the Podfile.lock. Run 'pod install' or update your CocoaPods installation.\" >&2\n    exit 1\nfi\n# This output is used by Xcode 'outputs' to avoid re-running this script phase.\necho \"SUCCESS\" > \"${SCRIPT_OUTPUT_FILE_0}\"\n";
			showEnvVarsInLog = 0;
		};
		EB63525DB25AEAAABFBD18BC /* [CP] Embed Pods Frameworks */ = {
			isa = PBXShellScriptBuildPhase;
			buildActionMask = 2147483647;
			files = (
			);
			inputFileListPaths = (
			);
			inputPaths = (
				"${SRCROOT}/Pods/Target Support Files/Pods-Random/Pods-Random-frameworks.sh",
				"${BUILT_PRODUCTS_DIR}/Alamofire/Alamofire.framework",
				"${BUILT_PRODUCTS_DIR}/AlamofireImage/AlamofireImage.framework",
				"${BUILT_PRODUCTS_DIR}/Device/Device.framework",
				"${BUILT_PRODUCTS_DIR}/Moya/Moya.framework",
				"${BUILT_PRODUCTS_DIR}/Realm/Realm.framework",
				"${BUILT_PRODUCTS_DIR}/RealmSwift/RealmSwift.framework",
				"${BUILT_PRODUCTS_DIR}/Result/Result.framework",
				"${BUILT_PRODUCTS_DIR}/RxCocoa/RxCocoa.framework",
				"${BUILT_PRODUCTS_DIR}/RxSwift/RxSwift.framework",
				"${BUILT_PRODUCTS_DIR}/SnapKit/SnapKit.framework",
			);
			name = "[CP] Embed Pods Frameworks";
			outputFileListPaths = (
			);
			outputPaths = (
				"${TARGET_BUILD_DIR}/${FRAMEWORKS_FOLDER_PATH}/Alamofire.framework",
				"${TARGET_BUILD_DIR}/${FRAMEWORKS_FOLDER_PATH}/AlamofireImage.framework",
				"${TARGET_BUILD_DIR}/${FRAMEWORKS_FOLDER_PATH}/Device.framework",
				"${TARGET_BUILD_DIR}/${FRAMEWORKS_FOLDER_PATH}/Moya.framework",
				"${TARGET_BUILD_DIR}/${FRAMEWORKS_FOLDER_PATH}/Realm.framework",
				"${TARGET_BUILD_DIR}/${FRAMEWORKS_FOLDER_PATH}/RealmSwift.framework",
				"${TARGET_BUILD_DIR}/${FRAMEWORKS_FOLDER_PATH}/Result.framework",
				"${TARGET_BUILD_DIR}/${FRAMEWORKS_FOLDER_PATH}/RxCocoa.framework",
				"${TARGET_BUILD_DIR}/${FRAMEWORKS_FOLDER_PATH}/RxSwift.framework",
				"${TARGET_BUILD_DIR}/${FRAMEWORKS_FOLDER_PATH}/SnapKit.framework",
			);
			runOnlyForDeploymentPostprocessing = 0;
			shellPath = /bin/sh;
			shellScript = "\"${SRCROOT}/Pods/Target Support Files/Pods-Random/Pods-Random-frameworks.sh\"\n";
			showEnvVarsInLog = 0;
		};
/* End PBXShellScriptBuildPhase section */

/* Begin PBXSourcesBuildPhase section */
		2D38E573217B3F9C00516C65 /* Sources */ = {
			isa = PBXSourcesBuildPhase;
			buildActionMask = 2147483647;
			files = (
				2D38E5BF217B479700516C65 /* APIModule.swift in Sources */,
				2D29CC26217D367200C046B9 /* RoundedButton.swift in Sources */,
				2D29CC14217D1E0100C046B9 /* HomeCollectionViewCell.swift in Sources */,
				2DDF5FF2217D4C0D00E21ECF /* DataBaseClient.swift in Sources */,
				2D38E5BB217B451E00516C65 /* HTTPClientContract.swift in Sources */,
				2D29CC05217D142F00C046B9 /* HomePresenter.swift in Sources */,
				2DDF5FF0217D4C0700E21ECF /* DataBaseClientContract.swift in Sources */,
				5C8BDF45217CAAD10013BBB7 /* RegisteredData.swift in Sources */,
				2D29CC22217D30EC00C046B9 /* UserViewModel.swift in Sources */,
				2D29CC0C217D1BD800C046B9 /* HomeViewController.swift in Sources */,
				2DDF5FC6217D3B2300E21ECF /* DetailInteractorContract.swift in Sources */,
				5C8BDF47217CAB630013BBB7 /* LocationData.swift in Sources */,
				5C8BDF36217CA0BE0013BBB7 /* UserRepository.swift in Sources */,
				2DDF5FD3217D40CD00E21ECF /* DetailPresenterContract.swift in Sources */,
				5C8BDF50217CB6380013BBB7 /* UserMapper.swift in Sources */,
				2D29CC00217D142600C046B9 /* HomeViewContract.swift in Sources */,
				2D29CC04217D142F00C046B9 /* HomePresenterContract.swift in Sources */,
				5C8BDF3D217CA3540013BBB7 /* NameData.swift in Sources */,
				2D38E5BD217B452200516C65 /* HTTPClient.swift in Sources */,
				2D29CC0E217D1BFF00C046B9 /* HomeViewController+Layout.swift in Sources */,
				2DDF5FD8217D422F00E21ECF /* UserDetailViewModel.swift in Sources */,
				2DDF5FF4217D5ADF00E21ECF /* IdUser.swift in Sources */,
				2D29CC1F217D2FC900C046B9 /* Results.swift in Sources */,
				2DDF5FC2217D3A3300E21ECF /* Devices.swift in Sources */,
				2D29CC16217D1E6900C046B9 /* HomeCollectionViewCell+Layout.swift in Sources */,
				2DDF5FEB217D49EA00E21ECF /* UserDataBase.swift in Sources */,
				2DDF5FD6217D420D00E21ECF /* DetailViewContract.swift in Sources */,
				5C8BDF55217CB7B60013BBB7 /* HomeInteractorContract.swift in Sources */,
				5C8BDF3B217CA1A70013BBB7 /* UserData.swift in Sources */,
				2D29CC24217D354100C046B9 /* Colors.swift in Sources */,
				2DDF5FED217D4AFB00E21ECF /* LocationDataBase.swift in Sources */,
				2D29CC19217D203C00C046B9 /* Views.swift in Sources */,
				2D29CC1B217D229F00C046B9 /* HomeConfigurator.swift in Sources */,
				5C8BDF39217CA1130013BBB7 /* Pagination.swift in Sources */,
				2DDF5FD1217D40C800E21ECF /* DetailPresenter.swift in Sources */,
				5C8BDF41217CA9F00013BBB7 /* User.swift in Sources */,
				5C8BDF34217CA0B60013BBB7 /* UserRepositoryContract.swift in Sources */,
				2D38E57B217B3F9C00516C65 /* AppDelegate.swift in Sources */,
				5C8BDF3F217CA3710013BBB7 /* PictureData.swift in Sources */,
				5C8BDF57217CB7D40013BBB7 /* HomeInteractor.swift in Sources */,
				2DDF5FC8217D3B3000E21ECF /* DetailInteractor.swift in Sources */,
			);
			runOnlyForDeploymentPostprocessing = 0;
		};
		2D38E587217B3F9E00516C65 /* Sources */ = {
			isa = PBXSourcesBuildPhase;
			buildActionMask = 2147483647;
			files = (
				5C8BDF4D217CAD4E0013BBB7 /* HTTPClientMock.swift in Sources */,
				2DDF5FE1217D45DB00E21ECF /* DetailInteractorMock.swift in Sources */,
				2DDF5FE3217D465500E21ECF /* DetailPresenterTests.swift in Sources */,
				5C8BDF59217CB9E20013BBB7 /* HomeInteractorTests.swift in Sources */,
				5C8BDF2E217C90660013BBB7 /* APIModuleTest.swift in Sources */,
				2D29CC07217D15E400C046B9 /* HomeViewMock.swift in Sources */,
				2D29CBF8217D134000C046B9 /* HomePresenterTests.swift in Sources */,
				2DDF5FDE217D455B00E21ECF /* DetailViewMock.swift in Sources */,
				2DDF5FCE217D3C0900E21ECF /* DetailInteractorTests.swift in Sources */,
				5C8BDF4A217CAC870013BBB7 /* UserRepositoryTests.swift in Sources */,
				2D29CBF0217D0B5E00C046B9 /* UserRepositoryMock.swift in Sources */,
				2D29CC09217D15ED00C046B9 /* HomeInteractorMock.swift in Sources */,
				2D38E590217B3F9E00516C65 /* RandomTests.swift in Sources */,
			);
			runOnlyForDeploymentPostprocessing = 0;
		};
		2D38E592217B3F9E00516C65 /* Sources */ = {
			isa = PBXSourcesBuildPhase;
			buildActionMask = 2147483647;
			files = (
				2D38E59B217B3F9E00516C65 /* RandomUITests.swift in Sources */,
			);
			runOnlyForDeploymentPostprocessing = 0;
		};
/* End PBXSourcesBuildPhase section */

/* Begin PBXTargetDependency section */
		2D38E58D217B3F9E00516C65 /* PBXTargetDependency */ = {
			isa = PBXTargetDependency;
			target = 2D38E576217B3F9C00516C65 /* Random */;
			targetProxy = 2D38E58C217B3F9E00516C65 /* PBXContainerItemProxy */;
		};
		2D38E598217B3F9E00516C65 /* PBXTargetDependency */ = {
			isa = PBXTargetDependency;
			target = 2D38E576217B3F9C00516C65 /* Random */;
			targetProxy = 2D38E597217B3F9E00516C65 /* PBXContainerItemProxy */;
		};
/* End PBXTargetDependency section */

/* Begin PBXVariantGroup section */
		2D38E583217B3F9E00516C65 /* LaunchScreen.storyboard */ = {
			isa = PBXVariantGroup;
			children = (
				2D38E584217B3F9E00516C65 /* Base */,
			);
			name = LaunchScreen.storyboard;
			sourceTree = "<group>";
		};
/* End PBXVariantGroup section */

/* Begin XCBuildConfiguration section */
		2D38E59D217B3F9E00516C65 /* Debug */ = {
			isa = XCBuildConfiguration;
			buildSettings = {
				ALWAYS_SEARCH_USER_PATHS = NO;
				CLANG_ANALYZER_NONNULL = YES;
				CLANG_ANALYZER_NUMBER_OBJECT_CONVERSION = YES_AGGRESSIVE;
				CLANG_CXX_LANGUAGE_STANDARD = "gnu++14";
				CLANG_CXX_LIBRARY = "libc++";
				CLANG_ENABLE_MODULES = YES;
				CLANG_ENABLE_OBJC_ARC = YES;
				CLANG_ENABLE_OBJC_WEAK = YES;
				CLANG_WARN_BLOCK_CAPTURE_AUTORELEASING = YES;
				CLANG_WARN_BOOL_CONVERSION = YES;
				CLANG_WARN_COMMA = YES;
				CLANG_WARN_CONSTANT_CONVERSION = YES;
				CLANG_WARN_DEPRECATED_OBJC_IMPLEMENTATIONS = YES;
				CLANG_WARN_DIRECT_OBJC_ISA_USAGE = YES_ERROR;
				CLANG_WARN_DOCUMENTATION_COMMENTS = YES;
				CLANG_WARN_EMPTY_BODY = YES;
				CLANG_WARN_ENUM_CONVERSION = YES;
				CLANG_WARN_INFINITE_RECURSION = YES;
				CLANG_WARN_INT_CONVERSION = YES;
				CLANG_WARN_NON_LITERAL_NULL_CONVERSION = YES;
				CLANG_WARN_OBJC_IMPLICIT_RETAIN_SELF = YES;
				CLANG_WARN_OBJC_LITERAL_CONVERSION = YES;
				CLANG_WARN_OBJC_ROOT_CLASS = YES_ERROR;
				CLANG_WARN_RANGE_LOOP_ANALYSIS = YES;
				CLANG_WARN_STRICT_PROTOTYPES = YES;
				CLANG_WARN_SUSPICIOUS_MOVE = YES;
				CLANG_WARN_UNGUARDED_AVAILABILITY = YES_AGGRESSIVE;
				CLANG_WARN_UNREACHABLE_CODE = YES;
				CLANG_WARN__DUPLICATE_METHOD_MATCH = YES;
				CODE_SIGN_IDENTITY = "iPhone Developer";
				COPY_PHASE_STRIP = NO;
				DEBUG_INFORMATION_FORMAT = dwarf;
				ENABLE_STRICT_OBJC_MSGSEND = YES;
				ENABLE_TESTABILITY = YES;
				GCC_C_LANGUAGE_STANDARD = gnu11;
				GCC_DYNAMIC_NO_PIC = NO;
				GCC_NO_COMMON_BLOCKS = YES;
				GCC_OPTIMIZATION_LEVEL = 0;
				GCC_PREPROCESSOR_DEFINITIONS = (
					"DEBUG=1",
					"$(inherited)",
				);
				GCC_WARN_64_TO_32_BIT_CONVERSION = YES;
				GCC_WARN_ABOUT_RETURN_TYPE = YES_ERROR;
				GCC_WARN_UNDECLARED_SELECTOR = YES;
				GCC_WARN_UNINITIALIZED_AUTOS = YES_AGGRESSIVE;
				GCC_WARN_UNUSED_FUNCTION = YES;
				GCC_WARN_UNUSED_VARIABLE = YES;
				IPHONEOS_DEPLOYMENT_TARGET = 12.0;
				MTL_ENABLE_DEBUG_INFO = INCLUDE_SOURCE;
				MTL_FAST_MATH = YES;
				ONLY_ACTIVE_ARCH = YES;
				SDKROOT = iphoneos;
				SWIFT_ACTIVE_COMPILATION_CONDITIONS = DEBUG;
				SWIFT_OPTIMIZATION_LEVEL = "-Onone";
				SWIFT_VERSION = 4.0;
			};
			name = Debug;
		};
		2D38E59E217B3F9E00516C65 /* Release */ = {
			isa = XCBuildConfiguration;
			buildSettings = {
				ALWAYS_SEARCH_USER_PATHS = NO;
				CLANG_ANALYZER_NONNULL = YES;
				CLANG_ANALYZER_NUMBER_OBJECT_CONVERSION = YES_AGGRESSIVE;
				CLANG_CXX_LANGUAGE_STANDARD = "gnu++14";
				CLANG_CXX_LIBRARY = "libc++";
				CLANG_ENABLE_MODULES = YES;
				CLANG_ENABLE_OBJC_ARC = YES;
				CLANG_ENABLE_OBJC_WEAK = YES;
				CLANG_WARN_BLOCK_CAPTURE_AUTORELEASING = YES;
				CLANG_WARN_BOOL_CONVERSION = YES;
				CLANG_WARN_COMMA = YES;
				CLANG_WARN_CONSTANT_CONVERSION = YES;
				CLANG_WARN_DEPRECATED_OBJC_IMPLEMENTATIONS = YES;
				CLANG_WARN_DIRECT_OBJC_ISA_USAGE = YES_ERROR;
				CLANG_WARN_DOCUMENTATION_COMMENTS = YES;
				CLANG_WARN_EMPTY_BODY = YES;
				CLANG_WARN_ENUM_CONVERSION = YES;
				CLANG_WARN_INFINITE_RECURSION = YES;
				CLANG_WARN_INT_CONVERSION = YES;
				CLANG_WARN_NON_LITERAL_NULL_CONVERSION = YES;
				CLANG_WARN_OBJC_IMPLICIT_RETAIN_SELF = YES;
				CLANG_WARN_OBJC_LITERAL_CONVERSION = YES;
				CLANG_WARN_OBJC_ROOT_CLASS = YES_ERROR;
				CLANG_WARN_RANGE_LOOP_ANALYSIS = YES;
				CLANG_WARN_STRICT_PROTOTYPES = YES;
				CLANG_WARN_SUSPICIOUS_MOVE = YES;
				CLANG_WARN_UNGUARDED_AVAILABILITY = YES_AGGRESSIVE;
				CLANG_WARN_UNREACHABLE_CODE = YES;
				CLANG_WARN__DUPLICATE_METHOD_MATCH = YES;
				CODE_SIGN_IDENTITY = "iPhone Developer";
				COPY_PHASE_STRIP = NO;
				DEBUG_INFORMATION_FORMAT = "dwarf-with-dsym";
				ENABLE_NS_ASSERTIONS = NO;
				ENABLE_STRICT_OBJC_MSGSEND = YES;
				GCC_C_LANGUAGE_STANDARD = gnu11;
				GCC_NO_COMMON_BLOCKS = YES;
				GCC_WARN_64_TO_32_BIT_CONVERSION = YES;
				GCC_WARN_ABOUT_RETURN_TYPE = YES_ERROR;
				GCC_WARN_UNDECLARED_SELECTOR = YES;
				GCC_WARN_UNINITIALIZED_AUTOS = YES_AGGRESSIVE;
				GCC_WARN_UNUSED_FUNCTION = YES;
				GCC_WARN_UNUSED_VARIABLE = YES;
				IPHONEOS_DEPLOYMENT_TARGET = 12.0;
				MTL_ENABLE_DEBUG_INFO = NO;
				MTL_FAST_MATH = YES;
				SDKROOT = iphoneos;
				SWIFT_COMPILATION_MODE = wholemodule;
				SWIFT_OPTIMIZATION_LEVEL = "-O";
				SWIFT_VERSION = 4.0;
				VALIDATE_PRODUCT = YES;
			};
			name = Release;
		};
		2D38E5A0217B3F9E00516C65 /* Debug */ = {
			isa = XCBuildConfiguration;
			baseConfigurationReference = 0A8A3572414B7F5512439E38 /* Pods-Random.debug.xcconfig */;
			buildSettings = {
				ASSETCATALOG_COMPILER_APPICON_NAME = AppIcon;
				CODE_SIGN_STYLE = Automatic;
				DEVELOPMENT_TEAM = 2QH2U923HT;
				INFOPLIST_FILE = Random/Info.plist;
				LD_RUNPATH_SEARCH_PATHS = (
					"$(inherited)",
					"@executable_path/Frameworks",
				);
				PRODUCT_BUNDLE_IDENTIFIER = es.aka7.Random;
				PRODUCT_NAME = "$(TARGET_NAME)";
				SWIFT_VERSION = 4.2;
				TARGETED_DEVICE_FAMILY = "1,2";
			};
			name = Debug;
		};
		2D38E5A1217B3F9E00516C65 /* Release */ = {
			isa = XCBuildConfiguration;
			baseConfigurationReference = 51ED68883FF18F7168318468 /* Pods-Random.release.xcconfig */;
			buildSettings = {
				ASSETCATALOG_COMPILER_APPICON_NAME = AppIcon;
				CODE_SIGN_STYLE = Automatic;
				DEVELOPMENT_TEAM = 2QH2U923HT;
				INFOPLIST_FILE = Random/Info.plist;
				LD_RUNPATH_SEARCH_PATHS = (
					"$(inherited)",
					"@executable_path/Frameworks",
				);
				PRODUCT_BUNDLE_IDENTIFIER = es.aka7.Random;
				PRODUCT_NAME = "$(TARGET_NAME)";
				SWIFT_VERSION = 4.2;
				TARGETED_DEVICE_FAMILY = "1,2";
			};
			name = Release;
		};
		2D38E5A3217B3F9E00516C65 /* Debug */ = {
			isa = XCBuildConfiguration;
			baseConfigurationReference = A5439FEEFF2A98589881037E /* Pods-RandomTests.debug.xcconfig */;
			buildSettings = {
				ALWAYS_EMBED_SWIFT_STANDARD_LIBRARIES = YES;
				BUNDLE_LOADER = "$(TEST_HOST)";
				CODE_SIGN_STYLE = Automatic;
				DEVELOPMENT_TEAM = 3R7X3B75XU;
				ENABLE_ON_DEMAND_RESOURCES = YES;
				INFOPLIST_FILE = RandomTests/Info.plist;
				LD_RUNPATH_SEARCH_PATHS = (
					"$(inherited)",
					"@executable_path/Frameworks",
					"@loader_path/Frameworks",
				);
				PRODUCT_BUNDLE_IDENTIFIER = es.aka7.RandomTests;
				PRODUCT_NAME = "$(TARGET_NAME)";
				SWIFT_VERSION = 4.2;
				TARGETED_DEVICE_FAMILY = "1,2";
				TEST_HOST = "$(BUILT_PRODUCTS_DIR)/Random.app/Random";
			};
			name = Debug;
		};
		2D38E5A4217B3F9E00516C65 /* Release */ = {
			isa = XCBuildConfiguration;
			baseConfigurationReference = 57614BC2836313B8B16D0917 /* Pods-RandomTests.release.xcconfig */;
			buildSettings = {
				ALWAYS_EMBED_SWIFT_STANDARD_LIBRARIES = YES;
				BUNDLE_LOADER = "$(TEST_HOST)";
				CODE_SIGN_STYLE = Automatic;
				DEVELOPMENT_TEAM = 3R7X3B75XU;
				ENABLE_ON_DEMAND_RESOURCES = YES;
				INFOPLIST_FILE = RandomTests/Info.plist;
				LD_RUNPATH_SEARCH_PATHS = (
					"$(inherited)",
					"@executable_path/Frameworks",
					"@loader_path/Frameworks",
				);
				PRODUCT_BUNDLE_IDENTIFIER = es.aka7.RandomTests;
				PRODUCT_NAME = "$(TARGET_NAME)";
				SWIFT_VERSION = 4.2;
				TARGETED_DEVICE_FAMILY = "1,2";
				TEST_HOST = "$(BUILT_PRODUCTS_DIR)/Random.app/Random";
			};
			name = Release;
		};
		2D38E5A6217B3F9E00516C65 /* Debug */ = {
			isa = XCBuildConfiguration;
			buildSettings = {
				ALWAYS_EMBED_SWIFT_STANDARD_LIBRARIES = YES;
				CODE_SIGN_STYLE = Automatic;
				DEVELOPMENT_TEAM = 3R7X3B75XU;
				INFOPLIST_FILE = RandomUITests/Info.plist;
				LD_RUNPATH_SEARCH_PATHS = (
					"$(inherited)",
					"@executable_path/Frameworks",
					"@loader_path/Frameworks",
				);
				PRODUCT_BUNDLE_IDENTIFIER = es.aka7.RandomUITests;
				PRODUCT_NAME = "$(TARGET_NAME)";
				SWIFT_VERSION = 4.2;
				TARGETED_DEVICE_FAMILY = "1,2";
				TEST_TARGET_NAME = Random;
			};
			name = Debug;
		};
		2D38E5A7217B3F9E00516C65 /* Release */ = {
			isa = XCBuildConfiguration;
			buildSettings = {
				ALWAYS_EMBED_SWIFT_STANDARD_LIBRARIES = YES;
				CODE_SIGN_STYLE = Automatic;
				DEVELOPMENT_TEAM = 3R7X3B75XU;
				INFOPLIST_FILE = RandomUITests/Info.plist;
				LD_RUNPATH_SEARCH_PATHS = (
					"$(inherited)",
					"@executable_path/Frameworks",
					"@loader_path/Frameworks",
				);
				PRODUCT_BUNDLE_IDENTIFIER = es.aka7.RandomUITests;
				PRODUCT_NAME = "$(TARGET_NAME)";
				SWIFT_VERSION = 4.2;
				TARGETED_DEVICE_FAMILY = "1,2";
				TEST_TARGET_NAME = Random;
			};
			name = Release;
		};
/* End XCBuildConfiguration section */

/* Begin XCConfigurationList section */
		2D38E572217B3F9C00516C65 /* Build configuration list for PBXProject "Random" */ = {
			isa = XCConfigurationList;
			buildConfigurations = (
				2D38E59D217B3F9E00516C65 /* Debug */,
				2D38E59E217B3F9E00516C65 /* Release */,
			);
			defaultConfigurationIsVisible = 0;
			defaultConfigurationName = Release;
		};
		2D38E59F217B3F9E00516C65 /* Build configuration list for PBXNativeTarget "Random" */ = {
			isa = XCConfigurationList;
			buildConfigurations = (
				2D38E5A0217B3F9E00516C65 /* Debug */,
				2D38E5A1217B3F9E00516C65 /* Release */,
			);
			defaultConfigurationIsVisible = 0;
			defaultConfigurationName = Release;
		};
		2D38E5A2217B3F9E00516C65 /* Build configuration list for PBXNativeTarget "RandomTests" */ = {
			isa = XCConfigurationList;
			buildConfigurations = (
				2D38E5A3217B3F9E00516C65 /* Debug */,
				2D38E5A4217B3F9E00516C65 /* Release */,
			);
			defaultConfigurationIsVisible = 0;
			defaultConfigurationName = Release;
		};
		2D38E5A5217B3F9E00516C65 /* Build configuration list for PBXNativeTarget "RandomUITests" */ = {
			isa = XCConfigurationList;
			buildConfigurations = (
				2D38E5A6217B3F9E00516C65 /* Debug */,
				2D38E5A7217B3F9E00516C65 /* Release */,
			);
			defaultConfigurationIsVisible = 0;
			defaultConfigurationName = Release;
		};
/* End XCConfigurationList section */
	};
	rootObject = 2D38E56F217B3F9C00516C65 /* Project object */;
}
